// !$*UTF8*$!
{
	archiveVersion = 1;
	classes = {
	};
	objectVersion = 77;
	objects = {

/* Begin PBXBuildFile section */
		CE9A1EB22E225AAC00B5E527 /* FirebaseAuth in Frameworks */ = {isa = PBXBuildFile; productRef = CE9A1EB12E225AAC00B5E527 /* FirebaseAuth */; };
		CE9A1EB42E225AAC00B5E527 /* FirebaseCore in Frameworks */ = {isa = PBXBuildFile; productRef = CE9A1EB32E225AAC00B5E527 /* FirebaseCore */; };
		CE9A1EB62E225AAC00B5E527 /* FirebaseDatabase in Frameworks */ = {isa = PBXBuildFile; productRef = CE9A1EB52E225AAC00B5E527 /* FirebaseDatabase */; };
		CE9A1EB82E225AAC00B5E527 /* FirebaseFirestore in Frameworks */ = {isa = PBXBuildFile; productRef = CE9A1EB72E225AAC00B5E527 /* FirebaseFirestore */; };
		CE9A1EBA2E225AAC00B5E527 /* FirebaseStorage in Frameworks */ = {isa = PBXBuildFile; productRef = CE9A1EB92E225AAC00B5E527 /* FirebaseStorage */; };
		CE9A1EBD2E225AC400B5E527 /* Alamofire in Frameworks */ = {isa = PBXBuildFile; productRef = CE9A1EBC2E225AC400B5E527 /* Alamofire */; };
/* End PBXBuildFile section */

/* Begin PBXFileReference section */
		CE9A1A982E0EE0EC00B5E527 /* CoctailsApp.app */ = {isa = PBXFileReference; explicitFileType = wrapper.application; includeInIndex = 0; path = CoctailsApp.app; sourceTree = BUILT_PRODUCTS_DIR; };
/* End PBXFileReference section */

/* Begin PBXFileSystemSynchronizedBuildFileExceptionSet section */
		CE9A1AAA2E0EE0EE00B5E527 /* Exceptions for "CoctailsApp" folder in "CoctailsApp" target */ = {
			isa = PBXFileSystemSynchronizedBuildFileExceptionSet;
			membershipExceptions = (
				Info.plist,
			);
			target = CE9A1A972E0EE0EC00B5E527 /* CoctailsApp */;
		};
/* End PBXFileSystemSynchronizedBuildFileExceptionSet section */

/* Begin PBXFileSystemSynchronizedRootGroup section */
		CE9A1A9A2E0EE0EC00B5E527 /* CoctailsApp */ = {
			isa = PBXFileSystemSynchronizedRootGroup;
			exceptions = (
				CE9A1AAA2E0EE0EE00B5E527 /* Exceptions for "CoctailsApp" folder in "CoctailsApp" target */,
			);
			path = CoctailsApp;
			sourceTree = "<group>";
		};
/* End PBXFileSystemSynchronizedRootGroup section */

/* Begin PBXFrameworksBuildPhase section */
		CE9A1A952E0EE0EC00B5E527 /* Frameworks */ = {
			isa = PBXFrameworksBuildPhase;
			buildActionMask = 2147483647;
			files = (
				CE9A1EB62E225AAC00B5E527 /* FirebaseDatabase in Frameworks */,
				CE9A1EB82E225AAC00B5E527 /* FirebaseFirestore in Frameworks */,
				CE9A1EB42E225AAC00B5E527 /* FirebaseCore in Frameworks */,
				CE9A1EBD2E225AC400B5E527 /* Alamofire in Frameworks */,
				CE9A1EBA2E225AAC00B5E527 /* FirebaseStorage in Frameworks */,
				CE9A1EB22E225AAC00B5E527 /* FirebaseAuth in Frameworks */,
			);
			runOnlyForDeploymentPostprocessing = 0;
		};
/* End PBXFrameworksBuildPhase section */

/* Begin PBXGroup section */
		CE9A1A8F2E0EE0EC00B5E527 = {
			isa = PBXGroup;
			children = (
				CE9A1A9A2E0EE0EC00B5E527 /* CoctailsApp */,
				CE9A1A992E0EE0EC00B5E527 /* Products */,
			);
			sourceTree = "<group>";
		};
		CE9A1A992E0EE0EC00B5E527 /* Products */ = {
			isa = PBXGroup;
			children = (
				CE9A1A982E0EE0EC00B5E527 /* CoctailsApp.app */,
			);
			name = Products;
			sourceTree = "<group>";
		};
/* End PBXGroup section */

/* Begin PBXNativeTarget section */
		CE9A1A972E0EE0EC00B5E527 /* CoctailsApp */ = {
			isa = PBXNativeTarget;
			buildConfigurationList = CE9A1AAB2E0EE0EE00B5E527 /* Build configuration list for PBXNativeTarget "CoctailsApp" */;
			buildPhases = (
				CE9A1A942E0EE0EC00B5E527 /* Sources */,
				CE9A1A952E0EE0EC00B5E527 /* Frameworks */,
				CE9A1A962E0EE0EC00B5E527 /* Resources */,
			);
			buildRules = (
			);
			dependencies = (
			);
			fileSystemSynchronizedGroups = (
				CE9A1A9A2E0EE0EC00B5E527 /* CoctailsApp */,
			);
			name = CoctailsApp;
			packageProductDependencies = (
				CE9A1EB12E225AAC00B5E527 /* FirebaseAuth */,
				CE9A1EB32E225AAC00B5E527 /* FirebaseCore */,
				CE9A1EB52E225AAC00B5E527 /* FirebaseDatabase */,
				CE9A1EB72E225AAC00B5E527 /* FirebaseFirestore */,
				CE9A1EB92E225AAC00B5E527 /* FirebaseStorage */,
				CE9A1EBC2E225AC400B5E527 /* Alamofire */,
			);
			productName = CoctailsApp;
			productReference = CE9A1A982E0EE0EC00B5E527 /* CoctailsApp.app */;
			productType = "com.apple.product-type.application";
		};
/* End PBXNativeTarget section */

/* Begin PBXProject section */
		CE9A1A902E0EE0EC00B5E527 /* Project object */ = {
			isa = PBXProject;
			attributes = {
				BuildIndependentTargetsInParallel = 1;
				LastSwiftUpdateCheck = 1600;
				LastUpgradeCheck = 1600;
				TargetAttributes = {
					CE9A1A972E0EE0EC00B5E527 = {
						CreatedOnToolsVersion = 16.0;
					};
				};
			};
			buildConfigurationList = CE9A1A932E0EE0EC00B5E527 /* Build configuration list for PBXProject "CoctailsApp" */;
			developmentRegion = en;
			hasScannedForEncodings = 0;
			knownRegions = (
				en,
				Base,
			);
			mainGroup = CE9A1A8F2E0EE0EC00B5E527;
			minimizedProjectReferenceProxies = 1;
			packageReferences = (
				CE9A1EB02E225AAC00B5E527 /* XCRemoteSwiftPackageReference "firebase-ios-sdk" */,
				CE9A1EBB2E225AC400B5E527 /* XCRemoteSwiftPackageReference "Alamofire" */,
			);
			preferredProjectObjectVersion = 77;
			productRefGroup = CE9A1A992E0EE0EC00B5E527 /* Products */;
			projectDirPath = "";
			projectRoot = "";
			targets = (
				CE9A1A972E0EE0EC00B5E527 /* CoctailsApp */,
			);
		};
/* End PBXProject section */

/* Begin PBXResourcesBuildPhase section */
		CE9A1A962E0EE0EC00B5E527 /* Resources */ = {
			isa = PBXResourcesBuildPhase;
			buildActionMask = 2147483647;
			files = (
			);
			runOnlyForDeploymentPostprocessing = 0;
		};
/* End PBXResourcesBuildPhase section */

/* Begin PBXSourcesBuildPhase section */
		CE9A1A942E0EE0EC00B5E527 /* Sources */ = {
			isa = PBXSourcesBuildPhase;
			buildActionMask = 2147483647;
			files = (
			);
			runOnlyForDeploymentPostprocessing = 0;
		};
/* End PBXSourcesBuildPhase section */

/* Begin XCBuildConfiguration section */
		CE9A1AAC2E0EE0EE00B5E527 /* Debug */ = {
			isa = XCBuildConfiguration;
			buildSettings = {
				ASSETCATALOG_COMPILER_APPICON_NAME = AppIcon;
				ASSETCATALOG_COMPILER_GLOBAL_ACCENT_COLOR_NAME = AccentColor;
				CODE_SIGN_IDENTITY = "Apple Development";
				CODE_SIGN_STYLE = Automatic;
				CURRENT_PROJECT_VERSION = 1;
				DEVELOPMENT_TEAM = R3HT9YNNBP;
				GENERATE_INFOPLIST_FILE = YES;
				INFOPLIST_FILE = CoctailsApp/Info.plist;
				INFOPLIST_KEY_UIApplicationSupportsIndirectInputEvents = YES;
				INFOPLIST_KEY_UILaunchStoryboardName = LaunchScreen;
				INFOPLIST_KEY_UISupportedInterfaceOrientations = UIInterfaceOrientationPortrait;
				INFOPLIST_KEY_UISupportedInterfaceOrientations_iPad = "UIInterfaceOrientationLandscapeLeft UIInterfaceOrientationLandscapeRight UIInterfaceOrientationPortrait UIInterfaceOrientationPortraitUpsideDown";
				LD_RUNPATH_SEARCH_PATHS = (
					"$(inherited)",
					"@executable_path/Frameworks",
				);
				MARKETING_VERSION = 1.0;
				PRODUCT_BUNDLE_IDENTIFIER = ru.myfirstapp.CoctailsApp;
				PRODUCT_NAME = "$(TARGET_NAME)";
				PROVISIONING_PROFILE_SPECIFIER = "";
				SUPPORTED_PLATFORMS = "iphoneos iphonesimulator";
				SUPPORTS_MACCATALYST = NO;
				SUPPORTS_MAC_DESIGNED_FOR_IPHONE_IPAD = NO;
				SUPPORTS_XR_DESIGNED_FOR_IPHONE_IPAD = NO;
				SWIFT_EMIT_LOC_STRINGS = YES;
				SWIFT_VERSION = 5.0;
				TARGETED_DEVICE_FAMILY = 1;
			};
			name = Debug;
		};
		CE9A1AAD2E0EE0EE00B5E527 /* Release */ = {
			isa = XCBuildConfiguration;
			buildSettings = {
				ASSETCATALOG_COMPILER_APPICON_NAME = AppIcon;
				ASSETCATALOG_COMPILER_GLOBAL_ACCENT_COLOR_NAME = AccentColor;
				CODE_SIGN_IDENTITY = "Apple Development";
				CODE_SIGN_STYLE = Automatic;
				CURRENT_PROJECT_VERSION = 1;
				DEVELOPMENT_TEAM = R3HT9YNNBP;
				GENERATE_INFOPLIST_FILE = YES;
				INFOPLIST_FILE = CoctailsApp/Info.plist;
				INFOPLIST_KEY_UIApplicationSupportsIndirectInputEvents = YES;
				INFOPLIST_KEY_UILaunchStoryboardName = LaunchScreen;
				INFOPLIST_KEY_UISupportedInterfaceOrientations = UIInterfaceOrientationPortrait;
				INFOPLIST_KEY_UISupportedInterfaceOrientations_iPad = "UIInterfaceOrientationLandscapeLeft UIInterfaceOrientationLandscapeRight UIInterfaceOrientationPortrait UIInterfaceOrientationPortraitUpsideDown";
				LD_RUNPATH_SEARCH_PATHS = (
					"$(inherited)",
					"@executable_path/Frameworks",
				);
				MARKETING_VERSION = 1.0;
				PRODUCT_BUNDLE_IDENTIFIER = ru.myfirstapp.CoctailsApp;
				PRODUCT_NAME = "$(TARGET_NAME)";
				PROVISIONING_PROFILE_SPECIFIER = "";
				SUPPORTED_PLATFORMS = "iphoneos iphonesimulator";
				SUPPORTS_MACCATALYST = NO;
				SUPPORTS_MAC_DESIGNED_FOR_IPHONE_IPAD = NO;
				SUPPORTS_XR_DESIGNED_FOR_IPHONE_IPAD = NO;
				SWIFT_EMIT_LOC_STRINGS = YES;
				SWIFT_VERSION = 5.0;
				TARGETED_DEVICE_FAMILY = 1;
			};
			name = Release;
		};
		CE9A1AAE2E0EE0EE00B5E527 /* Debug */ = {
			isa = XCBuildConfiguration;
			buildSettings = {
				ALWAYS_SEARCH_USER_PATHS = NO;
				ASSETCATALOG_COMPILER_GENERATE_SWIFT_ASSET_SYMBOL_EXTENSIONS = YES;
				CLANG_ANALYZER_NONNULL = YES;
				CLANG_ANALYZER_NUMBER_OBJECT_CONVERSION = YES_AGGRESSIVE;
				CLANG_CXX_LANGUAGE_STANDARD = "gnu++20";
				CLANG_ENABLE_MODULES = YES;
				CLANG_ENABLE_OBJC_ARC = YES;
				CLANG_ENABLE_OBJC_WEAK = YES;
				CLANG_WARN_BLOCK_CAPTURE_AUTORELEASING = YES;
				CLANG_WARN_BOOL_CONVERSION = YES;
				CLANG_WARN_COMMA = YES;
				CLANG_WARN_CONSTANT_CONVERSION = YES;
				CLANG_WARN_DEPRECATED_OBJC_IMPLEMENTATIONS = YES;
				CLANG_WARN_DIRECT_OBJC_ISA_USAGE = YES_ERROR;
				CLANG_WARN_DOCUMENTATION_COMMENTS = YES;
				CLANG_WARN_EMPTY_BODY = YES;
				CLANG_WARN_ENUM_CONVERSION = YES;
				CLANG_WARN_INFINITE_RECURSION = YES;
				CLANG_WARN_INT_CONVERSION = YES;
				CLANG_WARN_NON_LITERAL_NULL_CONVERSION = YES;
				CLANG_WARN_OBJC_IMPLICIT_RETAIN_SELF = YES;
				CLANG_WARN_OBJC_LITERAL_CONVERSION = YES;
				CLANG_WARN_OBJC_ROOT_CLASS = YES_ERROR;
				CLANG_WARN_QUOTED_INCLUDE_IN_FRAMEWORK_HEADER = YES;
				CLANG_WARN_RANGE_LOOP_ANALYSIS = YES;
				CLANG_WARN_STRICT_PROTOTYPES = YES;
				CLANG_WARN_SUSPICIOUS_MOVE = YES;
				CLANG_WARN_UNGUARDED_AVAILABILITY = YES_AGGRESSIVE;
				CLANG_WARN_UNREACHABLE_CODE = YES;
				CLANG_WARN__DUPLICATE_METHOD_MATCH = YES;
				COPY_PHASE_STRIP = NO;
				DEBUG_INFORMATION_FORMAT = dwarf;
				ENABLE_STRICT_OBJC_MSGSEND = YES;
				ENABLE_TESTABILITY = YES;
				ENABLE_USER_SCRIPT_SANDBOXING = YES;
				GCC_C_LANGUAGE_STANDARD = gnu17;
				GCC_DYNAMIC_NO_PIC = NO;
				GCC_NO_COMMON_BLOCKS = YES;
				GCC_OPTIMIZATION_LEVEL = 0;
				GCC_PREPROCESSOR_DEFINITIONS = (
					"DEBUG=1",
					"$(inherited)",
				);
				GCC_WARN_64_TO_32_BIT_CONVERSION = YES;
				GCC_WARN_ABOUT_RETURN_TYPE = YES_ERROR;
				GCC_WARN_UNDECLARED_SELECTOR = YES;
				GCC_WARN_UNINITIALIZED_AUTOS = YES_AGGRESSIVE;
				GCC_WARN_UNUSED_FUNCTION = YES;
				GCC_WARN_UNUSED_VARIABLE = YES;
				IPHONEOS_DEPLOYMENT_TARGET = 18.0;
				LOCALIZATION_PREFERS_STRING_CATALOGS = YES;
				MTL_ENABLE_DEBUG_INFO = INCLUDE_SOURCE;
				MTL_FAST_MATH = YES;
				ONLY_ACTIVE_ARCH = YES;
				SDKROOT = iphoneos;
				SWIFT_ACTIVE_COMPILATION_CONDITIONS = "DEBUG $(inherited)";
				SWIFT_OPTIMIZATION_LEVEL = "-Onone";
			};
			name = Debug;
		};
		CE9A1AAF2E0EE0EE00B5E527 /* Release */ = {
			isa = XCBuildConfiguration;
			buildSettings = {
				ALWAYS_SEARCH_USER_PATHS = NO;
				ASSETCATALOG_COMPILER_GENERATE_SWIFT_ASSET_SYMBOL_EXTENSIONS = YES;
				CLANG_ANALYZER_NONNULL = YES;
				CLANG_ANALYZER_NUMBER_OBJECT_CONVERSION = YES_AGGRESSIVE;
				CLANG_CXX_LANGUAGE_STANDARD = "gnu++20";
				CLANG_ENABLE_MODULES = YES;
				CLANG_ENABLE_OBJC_ARC = YES;
				CLANG_ENABLE_OBJC_WEAK = YES;
				CLANG_WARN_BLOCK_CAPTURE_AUTORELEASING = YES;
				CLANG_WARN_BOOL_CONVERSION = YES;
				CLANG_WARN_COMMA = YES;
				CLANG_WARN_CONSTANT_CONVERSION = YES;
				CLANG_WARN_DEPRECATED_OBJC_IMPLEMENTATIONS = YES;
				CLANG_WARN_DIRECT_OBJC_ISA_USAGE = YES_ERROR;
				CLANG_WARN_DOCUMENTATION_COMMENTS = YES;
				CLANG_WARN_EMPTY_BODY = YES;
				CLANG_WARN_ENUM_CONVERSION = YES;
				CLANG_WARN_INFINITE_RECURSION = YES;
				CLANG_WARN_INT_CONVERSION = YES;
				CLANG_WARN_NON_LITERAL_NULL_CONVERSION = YES;
				CLANG_WARN_OBJC_IMPLICIT_RETAIN_SELF = YES;
				CLANG_WARN_OBJC_LITERAL_CONVERSION = YES;
				CLANG_WARN_OBJC_ROOT_CLASS = YES_ERROR;
				CLANG_WARN_QUOTED_INCLUDE_IN_FRAMEWORK_HEADER = YES;
				CLANG_WARN_RANGE_LOOP_ANALYSIS = YES;
				CLANG_WARN_STRICT_PROTOTYPES = YES;
				CLANG_WARN_SUSPICIOUS_MOVE = YES;
				CLANG_WARN_UNGUARDED_AVAILABILITY = YES_AGGRESSIVE;
				CLANG_WARN_UNREACHABLE_CODE = YES;
				CLANG_WARN__DUPLICATE_METHOD_MATCH = YES;
				COPY_PHASE_STRIP = NO;
				DEBUG_INFORMATION_FORMAT = "dwarf-with-dsym";
				ENABLE_NS_ASSERTIONS = NO;
				ENABLE_STRICT_OBJC_MSGSEND = YES;
				ENABLE_USER_SCRIPT_SANDBOXING = YES;
				GCC_C_LANGUAGE_STANDARD = gnu17;
				GCC_NO_COMMON_BLOCKS = YES;
				GCC_WARN_64_TO_32_BIT_CONVERSION = YES;
				GCC_WARN_ABOUT_RETURN_TYPE = YES_ERROR;
				GCC_WARN_UNDECLARED_SELECTOR = YES;
				GCC_WARN_UNINITIALIZED_AUTOS = YES_AGGRESSIVE;
				GCC_WARN_UNUSED_FUNCTION = YES;
				GCC_WARN_UNUSED_VARIABLE = YES;
				IPHONEOS_DEPLOYMENT_TARGET = 18.0;
				LOCALIZATION_PREFERS_STRING_CATALOGS = YES;
				MTL_ENABLE_DEBUG_INFO = NO;
				MTL_FAST_MATH = YES;
				SDKROOT = iphoneos;
				SWIFT_COMPILATION_MODE = wholemodule;
				VALIDATE_PRODUCT = YES;
			};
			name = Release;
		};
/* End XCBuildConfiguration section */

/* Begin XCConfigurationList section */
		CE9A1A932E0EE0EC00B5E527 /* Build configuration list for PBXProject "CoctailsApp" */ = {
			isa = XCConfigurationList;
			buildConfigurations = (
				CE9A1AAE2E0EE0EE00B5E527 /* Debug */,
				CE9A1AAF2E0EE0EE00B5E527 /* Release */,
			);
			defaultConfigurationIsVisible = 0;
			defaultConfigurationName = Release;
		};
		CE9A1AAB2E0EE0EE00B5E527 /* Build configuration list for PBXNativeTarget "CoctailsApp" */ = {
			isa = XCConfigurationList;
			buildConfigurations = (
				CE9A1AAC2E0EE0EE00B5E527 /* Debug */,
				CE9A1AAD2E0EE0EE00B5E527 /* Release */,
			);
			defaultConfigurationIsVisible = 0;
			defaultConfigurationName = Release;
		};
/* End XCConfigurationList section */

/* Begin XCRemoteSwiftPackageReference section */
		CE9A1EB02E225AAC00B5E527 /* XCRemoteSwiftPackageReference "firebase-ios-sdk" */ = {
			isa = XCRemoteSwiftPackageReference;
			repositoryURL = "https://github.com/firebase/firebase-ios-sdk";
			requirement = {
				kind = upToNextMajorVersion;
				minimumVersion = 11.15.0;
			};
		};
		CE9A1EBB2E225AC400B5E527 /* XCRemoteSwiftPackageReference "Alamofire" */ = {
			isa = XCRemoteSwiftPackageReference;
			repositoryURL = "https://github.com/Alamofire/Alamofire.git";
			requirement = {
				kind = upToNextMajorVersion;
				minimumVersion = 5.10.2;
			};
		};
/* End XCRemoteSwiftPackageReference section */

/* Begin XCSwiftPackageProductDependency section */
		CE9A1EB12E225AAC00B5E527 /* FirebaseAuth */ = {
			isa = XCSwiftPackageProductDependency;
			package = CE9A1EB02E225AAC00B5E527 /* XCRemoteSwiftPackageReference "firebase-ios-sdk" */;
			productName = FirebaseAuth;
		};
		CE9A1EB32E225AAC00B5E527 /* FirebaseCore */ = {
			isa = XCSwiftPackageProductDependency;
			package = CE9A1EB02E225AAC00B5E527 /* XCRemoteSwiftPackageReference "firebase-ios-sdk" */;
			productName = FirebaseCore;
		};
		CE9A1EB52E225AAC00B5E527 /* FirebaseDatabase */ = {
			isa = XCSwiftPackageProductDependency;
			package = CE9A1EB02E225AAC00B5E527 /* XCRemoteSwiftPackageReference "firebase-ios-sdk" */;
			productName = FirebaseDatabase;
		};
		CE9A1EB72E225AAC00B5E527 /* FirebaseFirestore */ = {
			isa = XCSwiftPackageProductDependency;
			package = CE9A1EB02E225AAC00B5E527 /* XCRemoteSwiftPackageReference "firebase-ios-sdk" */;
			productName = FirebaseFirestore;
		};
		CE9A1EB92E225AAC00B5E527 /* FirebaseStorage */ = {
			isa = XCSwiftPackageProductDependency;
			package = CE9A1EB02E225AAC00B5E527 /* XCRemoteSwiftPackageReference "firebase-ios-sdk" */;
			productName = FirebaseStorage;
		};
		CE9A1EBC2E225AC400B5E527 /* Alamofire */ = {
			isa = XCSwiftPackageProductDependency;
			package = CE9A1EBB2E225AC400B5E527 /* XCRemoteSwiftPackageReference "Alamofire" */;
			productName = Alamofire;
		};
/* End XCSwiftPackageProductDependency section */
	};
	rootObject = CE9A1A902E0EE0EC00B5E527 /* Project object */;
}
